
Microsoft Visual Studio Solution File, Format Version 12.00
# Visual Studio Version 16
VisualStudioVersion = 16.0.30128.36
MinimumVisualStudioVersion = 10.0.40219.1
Project("{C7167F0D-BC9F-4E6E-AFE1-012C56B48DB5}") = "DialogWithNavViewWinUI (Package)", "DialogWithNavViewWinUI (Package)\DialogWithNavViewWinUI (Package).wapproj", "{BF8AB51D-0202-4B9C-8663-AA2C58515327}"
EndProject
Project("{FAE04EC0-301F-11D3-BF4B-00C04F79EFBC}") = "DialogWithNavViewWinUI", "DialogWithNavViewWinUI\DialogWithNavViewWinUI.csproj", "{2C24A106-ADFE-4961-B594-E21F0EF14283}"
EndProject
Global
	GlobalSection(SolutionConfigurationPlatforms) = preSolution
		Debug|Any CPU = Debug|Any CPU
		Debug|x64 = Debug|x64
		Debug|x86 = Debug|x86
		Release|Any CPU = Release|Any CPU
		Release|x64 = Release|x64
		Release|x86 = Release|x86
	EndGlobalSection
	GlobalSection(ProjectConfigurationPlatforms) = postSolution
		{BF8AB51D-0202-4B9C-8663-AA2C58515327}.Debug|Any CPU.ActiveCfg = Debug|x86
		{BF8AB51D-0202-4B9C-8663-AA2C58515327}.Debug|x64.ActiveCfg = Debug|x64
		{BF8AB51D-0202-4B9C-8663-AA2C58515327}.Debug|x64.Build.0 = Debug|x64
		{BF8AB51D-0202-4B9C-8663-AA2C58515327}.Debug|x64.Deploy.0 = Debug|x64
		{BF8AB51D-0202-4B9C-8663-AA2C58515327}.Debug|x86.ActiveCfg = Debug|x86
		{BF8AB51D-0202-4B9C-8663-AA2C58515327}.Debug|x86.Build.0 = Debug|x86
		{BF8AB51D-0202-4B9C-8663-AA2C58515327}.Debug|x86.Deploy.0 = Debug|x86
		{BF8AB51D-0202-4B9C-8663-AA2C58515327}.Release|Any CPU.ActiveCfg = Release|x86
		{BF8AB51D-0202-4B9C-8663-AA2C58515327}.Release|x64.ActiveCfg = Release|x64
		{BF8AB51D-0202-4B9C-8663-AA2C58515327}.Release|x64.Build.0 = Release|x64
		{BF8AB51D-0202-4B9C-8663-AA2C58515327}.Release|x64.Deploy.0 = Release|x64
		{BF8AB51D-0202-4B9C-8663-AA2C58515327}.Release|x86.ActiveCfg = Release|x86
		{BF8AB51D-0202-4B9C-8663-AA2C58515327}.Release|x86.Build.0 = Release|x86
		{BF8AB51D-0202-4B9C-8663-AA2C58515327}.Release|x86.Deploy.0 = Release|x86
		{2C24A106-ADFE-4961-B594-E21F0EF14283}.Debug|Any CPU.ActiveCfg = Debug|Any CPU
		{2C24A106-ADFE-4961-B594-E21F0EF14283}.Debug|Any CPU.Build.0 = Debug|Any CPU
		{2C24A106-ADFE-4961-B594-E21F0EF14283}.Debug|x64.ActiveCfg = Debug|x64
		{2C24A106-ADFE-4961-B594-E21F0EF14283}.Debug|x64.Build.0 = Debug|x64
		{2C24A106-ADFE-4961-B594-E21F0EF14283}.Debug|x86.ActiveCfg = Debug|x86
		{2C24A106-ADFE-4961-B594-E21F0EF14283}.Debug|x86.Build.0 = Debug|x86
		{2C24A106-ADFE-4961-B594-E21F0EF14283}.Release|Any CPU.ActiveCfg = Release|Any CPU
		{2C24A106-ADFE-4961-B594-E21F0EF14283}.Release|Any CPU.Build.0 = Release|Any CPU
		{2C24A106-ADFE-4961-B594-E21F0EF14283}.Release|x64.ActiveCfg = Release|x64
		{2C24A106-ADFE-4961-B594-E21F0EF14283}.Release|x64.Build.0 = Release|x64
		{2C24A106-ADFE-4961-B594-E21F0EF14283}.Release|x86.ActiveCfg = Release|x86
		{2C24A106-ADFE-4961-B594-E21F0EF14283}.Release|x86.Build.0 = Release|x86
	EndGlobalSection
	GlobalSection(SolutionProperties) = preSolution
		HideSolutionNode = FALSE
	EndGlobalSection
	GlobalSection(ExtensibilityGlobals) = postSolution
		SolutionGuid = {1DEA003E-8855-45A7-AC55-0AE6F892AFB6}
	EndGlobalSection
EndGlobal
